<?xml version="1.0" encoding="UTF-8" standalone="yes" ?>
<CodeBlocks_project_file>
	<FileVersion major="1" minor="6" />
	<Project>
		<Option title="engine" />
		<Option pch_mode="2" />
		<Option compiler="gcc" />
		<Build>
			<Target title="Release">
				<Option output="bin/Release/engine" prefix_auto="1" extension_auto="1" />
				<Option object_output="obj/Release/" />
				<Option type="1" />
				<Option compiler="gcc" />
				<Compiler>
					<Add option="-std=c++11" />
					<Add option="-Wall" />
					<Add option="-g" />
					<Add option="-O2" />
				</Compiler>
				<Linker>
					<Add option="-s" />
				</Linker>
			</Target>
			<Target title="Debug">
				<Option output="bin/Debug/engine" prefix_auto="1" extension_auto="1" />
				<Option object_output="obj/Debug/" />
				<Option type="1" />
				<Option compiler="gcc" />
				<Compiler>
					<Add option="-g" />
				</Compiler>
			</Target>
		</Build>
		<Compiler>
			<Add option="-Wall" />
			<Add option="-std=c++11" />
			<Add option="-fexceptions" />
		</Compiler>
		<Linker>
			<Add option="-lfreeimage" />
			<Add library="ode" />
			<Add library="glew32" />
			<Add library="glfw" />
			<Add library="opengl32" />
			<Add library="glu32" />
			<Add library="mingw32" />
		</Linker>
		<Unit filename="engine/assetlibrary/assetlibrary.cpp" />
		<Unit filename="engine/assetlibrary/assetlibrary.h" />
		<Unit filename="engine/assetlibrary/dll.h" />
		<Unit filename="engine/core/double3.cpp" />
		<Unit filename="engine/core/double3.h" />
		<Unit filename="engine/core/list.h" />
		<Unit filename="engine/core/map.h" />
		<Unit filename="engine/core/node.cpp" />
		<Unit filename="engine/core/node.h" />
		<Unit filename="engine/core/nodemessage.cpp" />
		<Unit filename="engine/core/nodemessage.h" />
		<Unit filename="engine/core/noderequest.h" />
		<Unit filename="engine/core/stringutil.cpp" />
		<Unit filename="engine/core/stringutil.h" />
		<Unit filename="engine/core/varmap.cpp" />
		<Unit filename="engine/core/varmap.h" />
		<Unit filename="engine/engine.cpp" />
		<Unit filename="engine/engine.h" />
		<Unit filename="main.cpp" />
		<Extensions>
			<code_completion />
			<envvars />
			<debugger />
			<lib_finder disable_auto="1" />
			<DoxyBlocks>
				<comment_style block="0" line="0" />
				<doxyfile_project />
				<doxyfile_build />
				<doxyfile_warnings />
				<doxyfile_output />
				<doxyfile_dot class_diagrams="1" />
				<general />
			</DoxyBlocks>
		</Extensions>
	</Project>
</CodeBlocks_project_file>
